// !$*UTF8*$!
{
	archiveVersion = 1;
	classes = {
	};
	objectVersion = 56;
	objects = {

/* Begin PBXBuildFile section */
		4F700E242944A4B900D83C3B /* FirebaseAnalyticsSwift in Frameworks */ = {isa = PBXBuildFile; productRef = 4F700E232944A4B900D83C3B /* FirebaseAnalyticsSwift */; };
		4F700E262944A4B900D83C3B /* FirebaseFirestore in Frameworks */ = {isa = PBXBuildFile; productRef = 4F700E252944A4B900D83C3B /* FirebaseFirestore */; };
		4F700E282944A4B900D83C3B /* FirebaseFirestoreSwift in Frameworks */ = {isa = PBXBuildFile; productRef = 4F700E272944A4B900D83C3B /* FirebaseFirestoreSwift */; };
		4F700E2A2944A75700D83C3B /* MessagesManager.swift in Sources */ = {isa = PBXBuildFile; fileRef = 4F700E292944A75700D83C3B /* MessagesManager.swift */; };
		4FA028A9293B752000113056 /* ChatBotApp.swift in Sources */ = {isa = PBXBuildFile; fileRef = 4FA028A8293B752000113056 /* ChatBotApp.swift */; };
		4FA028AB293B752000113056 /* ContentView.swift in Sources */ = {isa = PBXBuildFile; fileRef = 4FA028AA293B752000113056 /* ContentView.swift */; };
		4FA028AD293B752100113056 /* Assets.xcassets in Resources */ = {isa = PBXBuildFile; fileRef = 4FA028AC293B752100113056 /* Assets.xcassets */; };
		4FA028B0293B752100113056 /* Preview Assets.xcassets in Resources */ = {isa = PBXBuildFile; fileRef = 4FA028AF293B752100113056 /* Preview Assets.xcassets */; };
		4FB6AD9D2944C84100E6CA8B /* GoogleService-Info.plist in Resources */ = {isa = PBXBuildFile; fileRef = 4FB6AD9C2944C84100E6CA8B /* GoogleService-Info.plist */; };
		4FCE2F6C29436F8D00521148 /* TitleRow.swift in Sources */ = {isa = PBXBuildFile; fileRef = 4FCE2F6B29436F8D00521148 /* TitleRow.swift */; };
		4FCE2F6F2944835800521148 /* Message.swift in Sources */ = {isa = PBXBuildFile; fileRef = 4FCE2F6E2944835800521148 /* Message.swift */; };
		4FCE2F712944839900521148 /* MessageBubble.swift in Sources */ = {isa = PBXBuildFile; fileRef = 4FCE2F702944839900521148 /* MessageBubble.swift */; };
		4FCE2F752944853B00521148 /* Extensions.swift in Sources */ = {isa = PBXBuildFile; fileRef = 4FCE2F742944853B00521148 /* Extensions.swift */; };
		4FCE2F772944857600521148 /* MessageField.swift in Sources */ = {isa = PBXBuildFile; fileRef = 4FCE2F762944857600521148 /* MessageField.swift */; };
/* End PBXBuildFile section */

/* Begin PBXContainerItemProxy section */
		4FA028B6293B752200113056 /* PBXContainerItemProxy */ = {
			isa = PBXContainerItemProxy;
			containerPortal = 4FA0289D293B752000113056 /* Project object */;
			proxyType = 1;
			remoteGlobalIDString = 4FA028A4293B752000113056;
			remoteInfo = ChatBot;
		};
		4FA028C0293B752200113056 /* PBXContainerItemProxy */ = {
			isa = PBXContainerItemProxy;
			containerPortal = 4FA0289D293B752000113056 /* Project object */;
			proxyType = 1;
			remoteGlobalIDString = 4FA028A4293B752000113056;
			remoteInfo = ChatBot;
		};
/* End PBXContainerItemProxy section */

/* Begin PBXFileReference section */
		4F700E292944A75700D83C3B /* MessagesManager.swift */ = {isa = PBXFileReference; lastKnownFileType = sourcecode.swift; path = MessagesManager.swift; sourceTree = "<group>"; };
		4FA028A5293B752000113056 /* ChatBot.app */ = {isa = PBXFileReference; explicitFileType = wrapper.application; includeInIndex = 0; path = ChatBot.app; sourceTree = BUILT_PRODUCTS_DIR; };
		4FA028A8293B752000113056 /* ChatBotApp.swift */ = {isa = PBXFileReference; lastKnownFileType = sourcecode.swift; path = ChatBotApp.swift; sourceTree = "<group>"; };
		4FA028AA293B752000113056 /* ContentView.swift */ = {isa = PBXFileReference; lastKnownFileType = sourcecode.swift; path = ContentView.swift; sourceTree = "<group>"; };
		4FA028AC293B752100113056 /* Assets.xcassets */ = {isa = PBXFileReference; lastKnownFileType = folder.assetcatalog; path = Assets.xcassets; sourceTree = "<group>"; };
		4FA028AF293B752100113056 /* Preview Assets.xcassets */ = {isa = PBXFileReference; lastKnownFileType = folder.assetcatalog; path = "Preview Assets.xcassets"; sourceTree = "<group>"; };
		4FA028B5293B752200113056 /* ChatBotTests.xctest */ = {isa = PBXFileReference; explicitFileType = wrapper.cfbundle; includeInIndex = 0; path = ChatBotTests.xctest; sourceTree = BUILT_PRODUCTS_DIR; };
		4FA028BF293B752200113056 /* ChatBotUITests.xctest */ = {isa = PBXFileReference; explicitFileType = wrapper.cfbundle; includeInIndex = 0; path = ChatBotUITests.xctest; sourceTree = BUILT_PRODUCTS_DIR; };
		4FB6AD9C2944C84100E6CA8B /* GoogleService-Info.plist */ = {isa = PBXFileReference; lastKnownFileType = text.plist; path = "GoogleService-Info.plist"; sourceTree = SOURCE_ROOT; };
		4FCE2F6B29436F8D00521148 /* TitleRow.swift */ = {isa = PBXFileReference; lastKnownFileType = sourcecode.swift; path = TitleRow.swift; sourceTree = "<group>"; };
		4FCE2F6E2944835800521148 /* Message.swift */ = {isa = PBXFileReference; lastKnownFileType = sourcecode.swift; path = Message.swift; sourceTree = "<group>"; };
		4FCE2F702944839900521148 /* MessageBubble.swift */ = {isa = PBXFileReference; lastKnownFileType = sourcecode.swift; path = MessageBubble.swift; sourceTree = "<group>"; };
		4FCE2F742944853B00521148 /* Extensions.swift */ = {isa = PBXFileReference; lastKnownFileType = sourcecode.swift; path = Extensions.swift; sourceTree = "<group>"; };
		4FCE2F762944857600521148 /* MessageField.swift */ = {isa = PBXFileReference; lastKnownFileType = sourcecode.swift; path = MessageField.swift; sourceTree = "<group>"; };
/* End PBXFileReference section */

/* Begin PBXFrameworksBuildPhase section */
		4FA028A2293B752000113056 /* Frameworks */ = {
			isa = PBXFrameworksBuildPhase;
			buildActionMask = 2147483647;
			files = (
				4F700E242944A4B900D83C3B /* FirebaseAnalyticsSwift in Frameworks */,
				4F700E262944A4B900D83C3B /* FirebaseFirestore in Frameworks */,
				4F700E282944A4B900D83C3B /* FirebaseFirestoreSwift in Frameworks */,
			);
			runOnlyForDeploymentPostprocessing = 0;
		};
		4FA028B2293B752200113056 /* Frameworks */ = {
			isa = PBXFrameworksBuildPhase;
			buildActionMask = 2147483647;
			files = (
			);
			runOnlyForDeploymentPostprocessing = 0;
		};
		4FA028BC293B752200113056 /* Frameworks */ = {
			isa = PBXFrameworksBuildPhase;
			buildActionMask = 2147483647;
			files = (
			);
			runOnlyForDeploymentPostprocessing = 0;
		};
/* End PBXFrameworksBuildPhase section */

/* Begin PBXGroup section */
		4FA0289C293B752000113056 = {
			isa = PBXGroup;
			children = (
				4FA028A7293B752000113056 /* ChatBot */,
				4FA028A6293B752000113056 /* Products */,
			);
			sourceTree = "<group>";
		};
		4FA028A6293B752000113056 /* Products */ = {
			isa = PBXGroup;
			children = (
				4FA028A5293B752000113056 /* ChatBot.app */,
				4FA028B5293B752200113056 /* ChatBotTests.xctest */,
				4FA028BF293B752200113056 /* ChatBotUITests.xctest */,
			);
			name = Products;
			sourceTree = "<group>";
		};
		4FA028A7293B752000113056 /* ChatBot */ = {
			isa = PBXGroup;
			children = (
				4FA028A8293B752000113056 /* ChatBotApp.swift */,
				4FA028AA293B752000113056 /* ContentView.swift */,
				4F700E292944A75700D83C3B /* MessagesManager.swift */,
				4FCE2F742944853B00521148 /* Extensions.swift */,
				4FCE2F6D2944832400521148 /* Models */,
				4FCE2F6A29436F7200521148 /* Components */,
				4FA028AC293B752100113056 /* Assets.xcassets */,
				4FB6AD9C2944C84100E6CA8B /* GoogleService-Info.plist */,
				4FA028AE293B752100113056 /* Preview Content */,
			);
			path = ChatBot;
			sourceTree = "<group>";
		};
		4FA028AE293B752100113056 /* Preview Content */ = {
			isa = PBXGroup;
			children = (
				4FA028AF293B752100113056 /* Preview Assets.xcassets */,
			);
			path = "Preview Content";
			sourceTree = "<group>";
		};
		4FCE2F6A29436F7200521148 /* Components */ = {
			isa = PBXGroup;
			children = (
				4FCE2F6B29436F8D00521148 /* TitleRow.swift */,
				4FCE2F702944839900521148 /* MessageBubble.swift */,
				4FCE2F762944857600521148 /* MessageField.swift */,
			);
			path = Components;
			sourceTree = "<group>";
		};
		4FCE2F6D2944832400521148 /* Models */ = {
			isa = PBXGroup;
			children = (
				4FCE2F6E2944835800521148 /* Message.swift */,
			);
			path = Models;
			sourceTree = "<group>";
		};
/* End PBXGroup section */

/* Begin PBXNativeTarget section */
		4FA028A4293B752000113056 /* ChatBot */ = {
			isa = PBXNativeTarget;
			buildConfigurationList = 4FA028C9293B752200113056 /* Build configuration list for PBXNativeTarget "ChatBot" */;
			buildPhases = (
				4FA028A1293B752000113056 /* Sources */,
				4FA028A2293B752000113056 /* Frameworks */,
				4FA028A3293B752000113056 /* Resources */,
			);
			buildRules = (
			);
			dependencies = (
			);
			name = ChatBot;
			packageProductDependencies = (
				4F700E232944A4B900D83C3B /* FirebaseAnalyticsSwift */,
				4F700E252944A4B900D83C3B /* FirebaseFirestore */,
				4F700E272944A4B900D83C3B /* FirebaseFirestoreSwift */,
			);
			productName = ChatBot;
			productReference = 4FA028A5293B752000113056 /* ChatBot.app */;
			productType = "com.apple.product-type.application";
		};
		4FA028B4293B752200113056 /* ChatBotTests */ = {
			isa = PBXNativeTarget;
			buildConfigurationList = 4FA028CC293B752200113056 /* Build configuration list for PBXNativeTarget "ChatBotTests" */;
			buildPhases = (
				4FA028B1293B752200113056 /* Sources */,
				4FA028B2293B752200113056 /* Frameworks */,
				4FA028B3293B752200113056 /* Resources */,
			);
			buildRules = (
			);
			dependencies = (
				4FA028B7293B752200113056 /* PBXTargetDependency */,
			);
			name = ChatBotTests;
			productName = ChatBotTests;
			productReference = 4FA028B5293B752200113056 /* ChatBotTests.xctest */;
			productType = "com.apple.product-type.bundle.unit-test";
		};
		4FA028BE293B752200113056 /* ChatBotUITests */ = {
			isa = PBXNativeTarget;
			buildConfigurationList = 4FA028CF293B752200113056 /* Build configuration list for PBXNativeTarget "ChatBotUITests" */;
			buildPhases = (
				4FA028BB293B752200113056 /* Sources */,
				4FA028BC293B752200113056 /* Frameworks */,
				4FA028BD293B752200113056 /* Resources */,
			);
			buildRules = (
			);
			dependencies = (
				4FA028C1293B752200113056 /* PBXTargetDependency */,
			);
			name = ChatBotUITests;
			productName = ChatBotUITests;
			productReference = 4FA028BF293B752200113056 /* ChatBotUITests.xctest */;
			productType = "com.apple.product-type.bundle.ui-testing";
		};
/* End PBXNativeTarget section */

/* Begin PBXProject section */
		4FA0289D293B752000113056 /* Project object */ = {
			isa = PBXProject;
			attributes = {
				BuildIndependentTargetsInParallel = 1;
				LastSwiftUpdateCheck = 1410;
				LastUpgradeCheck = 1410;
				TargetAttributes = {
					4FA028A4293B752000113056 = {
						CreatedOnToolsVersion = 14.1;
					};
					4FA028B4293B752200113056 = {
						CreatedOnToolsVersion = 14.1;
						TestTargetID = 4FA028A4293B752000113056;
					};
					4FA028BE293B752200113056 = {
						CreatedOnToolsVersion = 14.1;
						TestTargetID = 4FA028A4293B752000113056;
					};
				};
			};
			buildConfigurationList = 4FA028A0293B752000113056 /* Build configuration list for PBXProject "ChatBot" */;
			compatibilityVersion = "Xcode 14.0";
			developmentRegion = en;
			hasScannedForEncodings = 0;
			knownRegions = (
				en,
				Base,
			);
			mainGroup = 4FA0289C293B752000113056;
			packageReferences = (
				4F700E222944A4B900D83C3B /* XCRemoteSwiftPackageReference "firebase-ios-sdk" */,
			);
			productRefGroup = 4FA028A6293B752000113056 /* Products */;
			projectDirPath = "";
			projectRoot = "";
			targets = (
				4FA028A4293B752000113056 /* ChatBot */,
				4FA028B4293B752200113056 /* ChatBotTests */,
				4FA028BE293B752200113056 /* ChatBotUITests */,
			);
		};
/* End PBXProject section */

/* Begin PBXResourcesBuildPhase section */
		4FA028A3293B752000113056 /* Resources */ = {
			isa = PBXResourcesBuildPhase;
			buildActionMask = 2147483647;
			files = (
				4FA028B0293B752100113056 /* Preview Assets.xcassets in Resources */,
				4FB6AD9D2944C84100E6CA8B /* GoogleService-Info.plist in Resources */,
				4FA028AD293B752100113056 /* Assets.xcassets in Resources */,
			);
			runOnlyForDeploymentPostprocessing = 0;
		};
		4FA028B3293B752200113056 /* Resources */ = {
			isa = PBXResourcesBuildPhase;
			buildActionMask = 2147483647;
			files = (
			);
			runOnlyForDeploymentPostprocessing = 0;
		};
		4FA028BD293B752200113056 /* Resources */ = {
			isa = PBXResourcesBuildPhase;
			buildActionMask = 2147483647;
			files = (
			);
			runOnlyForDeploymentPostprocessing = 0;
		};
/* End PBXResourcesBuildPhase section */

/* Begin PBXSourcesBuildPhase section */
		4FA028A1293B752000113056 /* Sources */ = {
			isa = PBXSourcesBuildPhase;
			buildActionMask = 2147483647;
			files = (
				4FA028AB293B752000113056 /* ContentView.swift in Sources */,
				4FCE2F752944853B00521148 /* Extensions.swift in Sources */,
				4FCE2F6F2944835800521148 /* Message.swift in Sources */,
				4F700E2A2944A75700D83C3B /* MessagesManager.swift in Sources */,
				4FCE2F772944857600521148 /* MessageField.swift in Sources */,
				4FCE2F712944839900521148 /* MessageBubble.swift in Sources */,
				4FA028A9293B752000113056 /* ChatBotApp.swift in Sources */,
				4FCE2F6C29436F8D00521148 /* TitleRow.swift in Sources */,
			);
			runOnlyForDeploymentPostprocessing = 0;
		};
		4FA028B1293B752200113056 /* Sources */ = {
			isa = PBXSourcesBuildPhase;
			buildActionMask = 2147483647;
			files = (
			);
			runOnlyForDeploymentPostprocessing = 0;
		};
		4FA028BB293B752200113056 /* Sources */ = {
			isa = PBXSourcesBuildPhase;
			buildActionMask = 2147483647;
			files = (
			);
			runOnlyForDeploymentPostprocessing = 0;
		};
/* End PBXSourcesBuildPhase section */

/* Begin PBXTargetDependency section */
		4FA028B7293B752200113056 /* PBXTargetDependency */ = {
			isa = PBXTargetDependency;
			target = 4FA028A4293B752000113056 /* ChatBot */;
			targetProxy = 4FA028B6293B752200113056 /* PBXContainerItemProxy */;
		};
		4FA028C1293B752200113056 /* PBXTargetDependency */ = {
			isa = PBXTargetDependency;
			target = 4FA028A4293B752000113056 /* ChatBot */;
			targetProxy = 4FA028C0293B752200113056 /* PBXContainerItemProxy */;
		};
/* End PBXTargetDependency section */

/* Begin XCBuildConfiguration section */
		4FA028C7293B752200113056 /* Debug */ = {
			isa = XCBuildConfiguration;
			buildSettings = {
				ALWAYS_SEARCH_USER_PATHS = NO;
				CLANG_ANALYZER_NONNULL = YES;
				CLANG_ANALYZER_NUMBER_OBJECT_CONVERSION = YES_AGGRESSIVE;
				CLANG_CXX_LANGUAGE_STANDARD = "gnu++20";
				CLANG_ENABLE_MODULES = YES;
				CLANG_ENABLE_OBJC_ARC = YES;
				CLANG_ENABLE_OBJC_WEAK = YES;
				CLANG_WARN_BLOCK_CAPTURE_AUTORELEASING = YES;
				CLANG_WARN_BOOL_CONVERSION = YES;
				CLANG_WARN_COMMA = YES;
				CLANG_WARN_CONSTANT_CONVERSION = YES;
				CLANG_WARN_DEPRECATED_OBJC_IMPLEMENTATIONS = YES;
				CLANG_WARN_DIRECT_OBJC_ISA_USAGE = YES_ERROR;
				CLANG_WARN_DOCUMENTATION_COMMENTS = YES;
				CLANG_WARN_EMPTY_BODY = YES;
				CLANG_WARN_ENUM_CONVERSION = YES;
				CLANG_WARN_INFINITE_RECURSION = YES;
				CLANG_WARN_INT_CONVERSION = YES;
				CLANG_WARN_NON_LITERAL_NULL_CONVERSION = YES;
				CLANG_WARN_OBJC_IMPLICIT_RETAIN_SELF = YES;
				CLANG_WARN_OBJC_LITERAL_CONVERSION = YES;
				CLANG_WARN_OBJC_ROOT_CLASS = YES_ERROR;
				CLANG_WARN_QUOTED_INCLUDE_IN_FRAMEWORK_HEADER = YES;
				CLANG_WARN_RANGE_LOOP_ANALYSIS = YES;
				CLANG_WARN_STRICT_PROTOTYPES = YES;
				CLANG_WARN_SUSPICIOUS_MOVE = YES;
				CLANG_WARN_UNGUARDED_AVAILABILITY = YES_AGGRESSIVE;
				CLANG_WARN_UNREACHABLE_CODE = YES;
				CLANG_WARN__DUPLICATE_METHOD_MATCH = YES;
				COPY_PHASE_STRIP = NO;
				DEBUG_INFORMATION_FORMAT = dwarf;
				ENABLE_STRICT_OBJC_MSGSEND = YES;
				ENABLE_TESTABILITY = YES;
				GCC_C_LANGUAGE_STANDARD = gnu11;
				GCC_DYNAMIC_NO_PIC = NO;
				GCC_NO_COMMON_BLOCKS = YES;
				GCC_OPTIMIZATION_LEVEL = 0;
				GCC_PREPROCESSOR_DEFINITIONS = (
					"DEBUG=1",
					"$(inherited)",
				);
				GCC_WARN_64_TO_32_BIT_CONVERSION = YES;
				GCC_WARN_ABOUT_RETURN_TYPE = YES_ERROR;
				GCC_WARN_UNDECLARED_SELECTOR = YES;
				GCC_WARN_UNINITIALIZED_AUTOS = YES_AGGRESSIVE;
				GCC_WARN_UNUSED_FUNCTION = YES;
				GCC_WARN_UNUSED_VARIABLE = YES;
				IPHONEOS_DEPLOYMENT_TARGET = 16.1;
				MTL_ENABLE_DEBUG_INFO = INCLUDE_SOURCE;
				MTL_FAST_MATH = YES;
				ONLY_ACTIVE_ARCH = YES;
				SDKROOT = iphoneos;
				SWIFT_ACTIVE_COMPILATION_CONDITIONS = DEBUG;
				SWIFT_OPTIMIZATION_LEVEL = "-Onone";
			};
			name = Debug;
		};
		4FA028C8293B752200113056 /* Release */ = {
			isa = XCBuildConfiguration;
			buildSettings = {
				ALWAYS_SEARCH_USER_PATHS = NO;
				CLANG_ANALYZER_NONNULL = YES;
				CLANG_ANALYZER_NUMBER_OBJECT_CONVERSION = YES_AGGRESSIVE;
				CLANG_CXX_LANGUAGE_STANDARD = "gnu++20";
				CLANG_ENABLE_MODULES = YES;
				CLANG_ENABLE_OBJC_ARC = YES;
				CLANG_ENABLE_OBJC_WEAK = YES;
				CLANG_WARN_BLOCK_CAPTURE_AUTORELEASING = YES;
				CLANG_WARN_BOOL_CONVERSION = YES;
				CLANG_WARN_COMMA = YES;
				CLANG_WARN_CONSTANT_CONVERSION = YES;
				CLANG_WARN_DEPRECATED_OBJC_IMPLEMENTATIONS = YES;
				CLANG_WARN_DIRECT_OBJC_ISA_USAGE = YES_ERROR;
				CLANG_WARN_DOCUMENTATION_COMMENTS = YES;
				CLANG_WARN_EMPTY_BODY = YES;
				CLANG_WARN_ENUM_CONVERSION = YES;
				CLANG_WARN_INFINITE_RECURSION = YES;
				CLANG_WARN_INT_CONVERSION = YES;
				CLANG_WARN_NON_LITERAL_NULL_CONVERSION = YES;
				CLANG_WARN_OBJC_IMPLICIT_RETAIN_SELF = YES;
				CLANG_WARN_OBJC_LITERAL_CONVERSION = YES;
				CLANG_WARN_OBJC_ROOT_CLASS = YES_ERROR;
				CLANG_WARN_QUOTED_INCLUDE_IN_FRAMEWORK_HEADER = YES;
				CLANG_WARN_RANGE_LOOP_ANALYSIS = YES;
				CLANG_WARN_STRICT_PROTOTYPES = YES;
				CLANG_WARN_SUSPICIOUS_MOVE = YES;
				CLANG_WARN_UNGUARDED_AVAILABILITY = YES_AGGRESSIVE;
				CLANG_WARN_UNREACHABLE_CODE = YES;
				CLANG_WARN__DUPLICATE_METHOD_MATCH = YES;
				COPY_PHASE_STRIP = NO;
				DEBUG_INFORMATION_FORMAT = "dwarf-with-dsym";
				ENABLE_NS_ASSERTIONS = NO;
				ENABLE_STRICT_OBJC_MSGSEND = YES;
				GCC_C_LANGUAGE_STANDARD = gnu11;
				GCC_NO_COMMON_BLOCKS = YES;
				GCC_WARN_64_TO_32_BIT_CONVERSION = YES;
				GCC_WARN_ABOUT_RETURN_TYPE = YES_ERROR;
				GCC_WARN_UNDECLARED_SELECTOR = YES;
				GCC_WARN_UNINITIALIZED_AUTOS = YES_AGGRESSIVE;
				GCC_WARN_UNUSED_FUNCTION = YES;
				GCC_WARN_UNUSED_VARIABLE = YES;
				IPHONEOS_DEPLOYMENT_TARGET = 16.1;
				MTL_ENABLE_DEBUG_INFO = NO;
				MTL_FAST_MATH = YES;
				SDKROOT = iphoneos;
				SWIFT_COMPILATION_MODE = wholemodule;
				SWIFT_OPTIMIZATION_LEVEL = "-O";
				VALIDATE_PRODUCT = YES;
			};
			name = Release;
		};
		4FA028CA293B752200113056 /* Debug */ = {
			isa = XCBuildConfiguration;
			buildSettings = {
				ASSETCATALOG_COMPILER_APPICON_NAME = AppIcon;
				ASSETCATALOG_COMPILER_GLOBAL_ACCENT_COLOR_NAME = AccentColor;
				CODE_SIGN_STYLE = Automatic;
				CURRENT_PROJECT_VERSION = 1;
				DEVELOPMENT_ASSET_PATHS = "\"ChatBot/Preview Content\"";
				DEVELOPMENT_TEAM = 3475W94545;
				ENABLE_PREVIEWS = YES;
				GENERATE_INFOPLIST_FILE = YES;
				INFOPLIST_KEY_UIApplicationSceneManifest_Generation = YES;
				INFOPLIST_KEY_UIApplicationSupportsIndirectInputEvents = YES;
				INFOPLIST_KEY_UILaunchScreen_Generation = YES;
				INFOPLIST_KEY_UISupportedInterfaceOrientations_iPad = "UIInterfaceOrientationPortrait UIInterfaceOrientationPortraitUpsideDown UIInterfaceOrientationLandscapeLeft UIInterfaceOrientationLandscapeRight";
				INFOPLIST_KEY_UISupportedInterfaceOrientations_iPhone = "UIInterfaceOrientationPortrait UIInterfaceOrientationLandscapeLeft UIInterfaceOrientationLandscapeRight";
				LD_RUNPATH_SEARCH_PATHS = (
					"$(inherited)",
					"@executable_path/Frameworks",
				);
				MARKETING_VERSION = 1.0;
				PRODUCT_BUNDLE_IDENTIFIER = sankew.ChatBot;
				PRODUCT_NAME = "$(TARGET_NAME)";
				SWIFT_EMIT_LOC_STRINGS = YES;
				SWIFT_VERSION = 5.0;
				TARGETED_DEVICE_FAMILY = "1,2";
			};
			name = Debug;
		};
		4FA028CB293B752200113056 /* Release */ = {
			isa = XCBuildConfiguration;
			buildSettings = {
				ASSETCATALOG_COMPILER_APPICON_NAME = AppIcon;
				ASSETCATALOG_COMPILER_GLOBAL_ACCENT_COLOR_NAME = AccentColor;
				CODE_SIGN_STYLE = Automatic;
				CURRENT_PROJECT_VERSION = 1;
				DEVELOPMENT_ASSET_PATHS = "\"ChatBot/Preview Content\"";
				DEVELOPMENT_TEAM = 3475W94545;
				ENABLE_PREVIEWS = YES;
				GENERATE_INFOPLIST_FILE = YES;
				INFOPLIST_KEY_UIApplicationSceneManifest_Generation = YES;
				INFOPLIST_KEY_UIApplicationSupportsIndirectInputEvents = YES;
				INFOPLIST_KEY_UILaunchScreen_Generation = YES;
				INFOPLIST_KEY_UISupportedInterfaceOrientations_iPad = "UIInterfaceOrientationPortrait UIInterfaceOrientationPortraitUpsideDown UIInterfaceOrientationLandscapeLeft UIInterfaceOrientationLandscapeRight";
				INFOPLIST_KEY_UISupportedInterfaceOrientations_iPhone = "UIInterfaceOrientationPortrait UIInterfaceOrientationLandscapeLeft UIInterfaceOrientationLandscapeRight";
				LD_RUNPATH_SEARCH_PATHS = (
					"$(inherited)",
					"@executable_path/Frameworks",
				);
				MARKETING_VERSION = 1.0;
				PRODUCT_BUNDLE_IDENTIFIER = sankew.ChatBot;
				PRODUCT_NAME = "$(TARGET_NAME)";
				SWIFT_EMIT_LOC_STRINGS = YES;
				SWIFT_VERSION = 5.0;
				TARGETED_DEVICE_FAMILY = "1,2";
			};
			name = Release;
		};
		4FA028CD293B752200113056 /* Debug */ = {
			isa = XCBuildConfiguration;
			buildSettings = {
				ALWAYS_EMBED_SWIFT_STANDARD_LIBRARIES = YES;
				BUNDLE_LOADER = "$(TEST_HOST)";
				CODE_SIGN_STYLE = Automatic;
				CURRENT_PROJECT_VERSION = 1;
				DEVELOPMENT_TEAM = 3475W94545;
				GENERATE_INFOPLIST_FILE = YES;
				IPHONEOS_DEPLOYMENT_TARGET = 16.1;
				MARKETING_VERSION = 1.0;
				PRODUCT_BUNDLE_IDENTIFIER = sankew.ChatBotTests;
				PRODUCT_NAME = "$(TARGET_NAME)";
				SWIFT_EMIT_LOC_STRINGS = NO;
				SWIFT_VERSION = 5.0;
				TARGETED_DEVICE_FAMILY = "1,2";
				TEST_HOST = "$(BUILT_PRODUCTS_DIR)/ChatBot.app/$(BUNDLE_EXECUTABLE_FOLDER_PATH)/ChatBot";
			};
			name = Debug;
		};
		4FA028CE293B752200113056 /* Release */ = {
			isa = XCBuildConfiguration;
			buildSettings = {
				ALWAYS_EMBED_SWIFT_STANDARD_LIBRARIES = YES;
				BUNDLE_LOADER = "$(TEST_HOST)";
				CODE_SIGN_STYLE = Automatic;
				CURRENT_PROJECT_VERSION = 1;
				DEVELOPMENT_TEAM = 3475W94545;
				GENERATE_INFOPLIST_FILE = YES;
				IPHONEOS_DEPLOYMENT_TARGET = 16.1;
				MARKETING_VERSION = 1.0;
				PRODUCT_BUNDLE_IDENTIFIER = sankew.ChatBotTests;
				PRODUCT_NAME = "$(TARGET_NAME)";
				SWIFT_EMIT_LOC_STRINGS = NO;
				SWIFT_VERSION = 5.0;
				TARGETED_DEVICE_FAMILY = "1,2";
				TEST_HOST = "$(BUILT_PRODUCTS_DIR)/ChatBot.app/$(BUNDLE_EXECUTABLE_FOLDER_PATH)/ChatBot";
			};
			name = Release;
		};
		4FA028D0293B752200113056 /* Debug */ = {
			isa = XCBuildConfiguration;
			buildSettings = {
				ALWAYS_EMBED_SWIFT_STANDARD_LIBRARIES = YES;
				CODE_SIGN_STYLE = Automatic;
				CURRENT_PROJECT_VERSION = 1;
				DEVELOPMENT_TEAM = 3475W94545;
				GENERATE_INFOPLIST_FILE = YES;
				MARKETING_VERSION = 1.0;
				PRODUCT_BUNDLE_IDENTIFIER = sankew.ChatBotUITests;
				PRODUCT_NAME = "$(TARGET_NAME)";
				SWIFT_EMIT_LOC_STRINGS = NO;
				SWIFT_VERSION = 5.0;
				TARGETED_DEVICE_FAMILY = "1,2";
				TEST_TARGET_NAME = ChatBot;
			};
			name = Debug;
		};
		4FA028D1293B752200113056 /* Release */ = {
			isa = XCBuildConfiguration;
			buildSettings = {
				ALWAYS_EMBED_SWIFT_STANDARD_LIBRARIES = YES;
				CODE_SIGN_STYLE = Automatic;
				CURRENT_PROJECT_VERSION = 1;
				DEVELOPMENT_TEAM = 3475W94545;
				GENERATE_INFOPLIST_FILE = YES;
				MARKETING_VERSION = 1.0;
				PRODUCT_BUNDLE_IDENTIFIER = sankew.ChatBotUITests;
				PRODUCT_NAME = "$(TARGET_NAME)";
				SWIFT_EMIT_LOC_STRINGS = NO;
				SWIFT_VERSION = 5.0;
				TARGETED_DEVICE_FAMILY = "1,2";
				TEST_TARGET_NAME = ChatBot;
			};
			name = Release;
		};
/* End XCBuildConfiguration section */

/* Begin XCConfigurationList section */
		4FA028A0293B752000113056 /* Build configuration list for PBXProject "ChatBot" */ = {
			isa = XCConfigurationList;
			buildConfigurations = (
				4FA028C7293B752200113056 /* Debug */,
				4FA028C8293B752200113056 /* Release */,
			);
			defaultConfigurationIsVisible = 0;
			defaultConfigurationName = Release;
		};
		4FA028C9293B752200113056 /* Build configuration list for PBXNativeTarget "ChatBot" */ = {
			isa = XCConfigurationList;
			buildConfigurations = (
				4FA028CA293B752200113056 /* Debug */,
				4FA028CB293B752200113056 /* Release */,
			);
			defaultConfigurationIsVisible = 0;
			defaultConfigurationName = Release;
		};
		4FA028CC293B752200113056 /* Build configuration list for PBXNativeTarget "ChatBotTests" */ = {
			isa = XCConfigurationList;
			buildConfigurations = (
				4FA028CD293B752200113056 /* Debug */,
				4FA028CE293B752200113056 /* Release */,
			);
			defaultConfigurationIsVisible = 0;
			defaultConfigurationName = Release;
		};
		4FA028CF293B752200113056 /* Build configuration list for PBXNativeTarget "ChatBotUITests" */ = {
			isa = XCConfigurationList;
			buildConfigurations = (
				4FA028D0293B752200113056 /* Debug */,
				4FA028D1293B752200113056 /* Release */,
			);
			defaultConfigurationIsVisible = 0;
			defaultConfigurationName = Release;
		};
/* End XCConfigurationList section */

/* Begin XCRemoteSwiftPackageReference section */
		4F700E222944A4B900D83C3B /* XCRemoteSwiftPackageReference "firebase-ios-sdk" */ = {
			isa = XCRemoteSwiftPackageReference;
			repositoryURL = "https://github.com/firebase/firebase-ios-sdk";
			requirement = {
				kind = upToNextMajorVersion;
				minimumVersion = 9.0.0;
			};
		};
/* End XCRemoteSwiftPackageReference section */

/* Begin XCSwiftPackageProductDependency section */
		4F700E232944A4B900D83C3B /* FirebaseAnalyticsSwift */ = {
			isa = XCSwiftPackageProductDependency;
			package = 4F700E222944A4B900D83C3B /* XCRemoteSwiftPackageReference "firebase-ios-sdk" */;
			productName = FirebaseAnalyticsSwift;
		};
		4F700E252944A4B900D83C3B /* FirebaseFirestore */ = {
			isa = XCSwiftPackageProductDependency;
			package = 4F700E222944A4B900D83C3B /* XCRemoteSwiftPackageReference "firebase-ios-sdk" */;
			productName = FirebaseFirestore;
		};
		4F700E272944A4B900D83C3B /* FirebaseFirestoreSwift */ = {
			isa = XCSwiftPackageProductDependency;
			package = 4F700E222944A4B900D83C3B /* XCRemoteSwiftPackageReference "firebase-ios-sdk" */;
			productName = FirebaseFirestoreSwift;
		};
/* End XCSwiftPackageProductDependency section */
	};
	rootObject = 4FA0289D293B752000113056 /* Project object */;
}
